// !$*UTF8*$!
{
	archiveVersion = 1;
	classes = {
	};
	objectVersion = 46;
	objects = {

/* Begin PBXBuildFile section */
		8C04F3B61235A98B004AC887 /* UIKit.framework in Frameworks */ = {isa = PBXBuildFile; fileRef = 8C04F3B51235A98B004AC887 /* UIKit.framework */; };
		8C04F3B81235A98B004AC887 /* Foundation.framework in Frameworks */ = {isa = PBXBuildFile; fileRef = 8C04F3B71235A98B004AC887 /* Foundation.framework */; };
		8C04F3BA1235A98B004AC887 /* CoreGraphics.framework in Frameworks */ = {isa = PBXBuildFile; fileRef = 8C04F3B91235A98B004AC887 /* CoreGraphics.framework */; };
		8C04F3BF1235A98B004AC887 /* InfoPlist.strings in Resources */ = {isa = PBXBuildFile; fileRef = 8C04F3BD1235A98B004AC887 /* InfoPlist.strings */; };
		8C04F3C11235A98B004AC887 /* main.m in Sources */ = {isa = PBXBuildFile; fileRef = 8C04F3C01235A98B004AC887 /* main.m */; };
		8C04F3C41235A98B004AC887 /* nactest2AppDelegate.m in Sources */ = {isa = PBXBuildFile; fileRef = 8C04F3C31235A98B004AC887 /* nactest2AppDelegate.m */; };
		8C04F3C71235A98B004AC887 /* MainWindow.xib in Resources */ = {isa = PBXBuildFile; fileRef = 8C04F3C51235A98B004AC887 /* MainWindow.xib */; };
		8C04F3CA1235A98B004AC887 /* RootViewController.m in Sources */ = {isa = PBXBuildFile; fileRef = 8C04F3C91235A98B004AC887 /* RootViewController.m */; };
		8C04F3CD1235A98B004AC887 /* RootViewController.xib in Resources */ = {isa = PBXBuildFile; fileRef = 8C04F3CB1235A98B004AC887 /* RootViewController.xib */; };
/* End PBXBuildFile section */

/* Begin PBXFileReference section */
		8C04F3B21235A98B004AC887 /* nactest2.app */ = {isa = PBXFileReference; explicitFileType = wrapper.application; includeInIndex = 0; path = nactest2.app; sourceTree = BUILT_PRODUCTS_DIR; };
		8C04F3B51235A98B004AC887 /* UIKit.framework */ = {isa = PBXFileReference; lastKnownFileType = wrapper.framework; name = UIKit.framework; path = System/Library/Frameworks/UIKit.framework; sourceTree = SDKROOT; };
		8C04F3B71235A98B004AC887 /* Foundation.framework */ = {isa = PBXFileReference; lastKnownFileType = wrapper.framework; name = Foundation.framework; path = System/Library/Frameworks/Foundation.framework; sourceTree = SDKROOT; };
		8C04F3B91235A98B004AC887 /* CoreGraphics.framework */ = {isa = PBXFileReference; lastKnownFileType = wrapper.framework; name = CoreGraphics.framework; path = System/Library/Frameworks/CoreGraphics.framework; sourceTree = SDKROOT; };
		8C04F3BB1235A98B004AC887 /* nactest2-Info.plist */ = {isa = PBXFileReference; lastKnownFileType = text.plist.xml; path = "nactest2-Info.plist"; sourceTree = "<group>"; };
		8C04F3BC1235A98B004AC887 /* nactest2_Prefix.pch */ = {isa = PBXFileReference; lastKnownFileType = sourcecode.c.h; path = nactest2_Prefix.pch; sourceTree = "<group>"; };
		8C04F3BE1235A98B004AC887 /* en */ = {isa = PBXFileReference; lastKnownFileType = text.plist.strings; name = en; path = en.lproj/InfoPlist.strings; sourceTree = "<group>"; };
		8C04F3C01235A98B004AC887 /* main.m */ = {isa = PBXFileReference; lastKnownFileType = sourcecode.c.objc; path = main.m; sourceTree = "<group>"; };
		8C04F3C21235A98B004AC887 /* nactest2AppDelegate.h */ = {isa = PBXFileReference; lastKnownFileType = sourcecode.c.h; path = nactest2AppDelegate.h; sourceTree = "<group>"; };
		8C04F3C31235A98B004AC887 /* nactest2AppDelegate.m */ = {isa = PBXFileReference; lastKnownFileType = sourcecode.c.objc; path = nactest2AppDelegate.m; sourceTree = "<group>"; };
		8C04F3C61235A98B004AC887 /* en */ = {isa = PBXFileReference; lastKnownFileType = file.xib; name = en; path = en.lproj/MainWindow.xib; sourceTree = "<group>"; };
		8C04F3C81235A98B004AC887 /* RootViewController.h */ = {isa = PBXFileReference; lastKnownFileType = sourcecode.c.h; path = RootViewController.h; sourceTree = "<group>"; };
		8C04F3C91235A98B004AC887 /* RootViewController.m */ = {isa = PBXFileReference; lastKnownFileType = sourcecode.c.objc; path = RootViewController.m; sourceTree = "<group>"; };
		8C04F3CC1235A98B004AC887 /* en */ = {isa = PBXFileReference; lastKnownFileType = file.xib; name = en; path = en.lproj/RootViewController.xib; sourceTree = "<group>"; };
/* End PBXFileReference section */

/* Begin PBXFrameworksBuildPhase section */
		8C04F3AF1235A98B004AC887 /* Frameworks */ = {
			isa = PBXFrameworksBuildPhase;
			buildActionMask = 2147483647;
			files = (
				8C04F3B61235A98B004AC887 /* UIKit.framework in Frameworks */,
				8C04F3B81235A98B004AC887 /* Foundation.framework in Frameworks */,
				8C04F3BA1235A98B004AC887 /* CoreGraphics.framework in Frameworks */,
			);
			runOnlyForDeploymentPostprocessing = 0;
		};
/* End PBXFrameworksBuildPhase section */

/* Begin PBXGroup section */
		8C04F3A31235A98B004AC887 = {
			isa = PBXGroup;
			children = (
				8C04F3AA1235A98B004AC887 /* Classes */,
				8C04F3AB1235A98B004AC887 /* Other Sources */,
				8C04F3AC1235A98B004AC887 /* Resources */,
				8C04F3AD1235A98B004AC887 /* Frameworks */,
				8C04F3B31235A98B004AC887 /* Products */,
			);
			sourceTree = "<group>";
		};
		8C04F3AA1235A98B004AC887 /* Classes */ = {
			isa = PBXGroup;
			children = (
				8C04F3C21235A98B004AC887 /* nactest2AppDelegate.h */,
				8C04F3C31235A98B004AC887 /* nactest2AppDelegate.m */,
				8C04F3C81235A98B004AC887 /* RootViewController.h */,
				8C04F3C91235A98B004AC887 /* RootViewController.m */,
			);
			path = Classes;
			sourceTree = "<group>";
		};
		8C04F3AB1235A98B004AC887 /* Other Sources */ = {
			isa = PBXGroup;
			children = (
				8C04F3BC1235A98B004AC887 /* nactest2_Prefix.pch */,
				8C04F3C01235A98B004AC887 /* main.m */,
			);
			name = "Other Sources";
			sourceTree = "<group>";
		};
		8C04F3AC1235A98B004AC887 /* Resources */ = {
			isa = PBXGroup;
			children = (
				8C04F3BB1235A98B004AC887 /* nactest2-Info.plist */,
				8C04F3BD1235A98B004AC887 /* InfoPlist.strings */,
				8C04F3C51235A98B004AC887 /* MainWindow.xib */,
				8C04F3CB1235A98B004AC887 /* RootViewController.xib */,
			);
			name = Resources;
			sourceTree = "<group>";
		};
		8C04F3AD1235A98B004AC887 /* Frameworks */ = {
			isa = PBXGroup;
			children = (
				8C04F3B51235A98B004AC887 /* UIKit.framework */,
				8C04F3B71235A98B004AC887 /* Foundation.framework */,
				8C04F3B91235A98B004AC887 /* CoreGraphics.framework */,
			);
			name = Frameworks;
			sourceTree = "<group>";
		};
		8C04F3B31235A98B004AC887 /* Products */ = {
			isa = PBXGroup;
			children = (
				8C04F3B21235A98B004AC887 /* nactest2.app */,
			);
			name = Products;
			sourceTree = "<group>";
		};
/* End PBXGroup section */

/* Begin PBXNativeTarget section */
		8C04F3B11235A98B004AC887 /* nactest2 */ = {
			isa = PBXNativeTarget;
			buildConfigurationList = 8C04F3D01235A98B004AC887 /* Build configuration list for PBXNativeTarget "nactest2" */;
			buildPhases = (
				8C04F3AE1235A98B004AC887 /* Sources */,
				8C04F3AF1235A98B004AC887 /* Frameworks */,
				8C04F3B01235A98B004AC887 /* Resources */,
			);
			buildRules = (
			);
			dependencies = (
			);
			name = nactest2;
			productName = nactest2;
			productReference = 8C04F3B21235A98B004AC887 /* nactest2.app */;
			productType = "com.apple.product-type.application";
		};
/* End PBXNativeTarget section */

/* Begin PBXProject section */
		8C04F3A51235A98B004AC887 /* Project object */ = {
			isa = PBXProject;
			attributes = {
				ORGANIZATIONNAME = "The Fluent One";
			};
			buildConfigurationList = 8C04F3A81235A98B004AC887 /* Build configuration list for PBXProject "nactest2" */;
			compatibilityVersion = "Xcode 3.2";
			developmentRegion = English;
			hasScannedForEncodings = 0;
			knownRegions = (
				en,
			);
			mainGroup = 8C04F3A31235A98B004AC887;
			productRefGroup = 8C04F3B31235A98B004AC887 /* Products */;
			projectDirPath = "";
			projectRoot = "";
			targets = (
				8C04F3B11235A98B004AC887 /* nactest2 */,
			);
		};
/* End PBXProject section */

/* Begin PBXResourcesBuildPhase section */
		8C04F3B01235A98B004AC887 /* Resources */ = {
			isa = PBXResourcesBuildPhase;
			buildActionMask = 2147483647;
			files = (
				8C04F3BF1235A98B004AC887 /* InfoPlist.strings in Resources */,
				8C04F3C71235A98B004AC887 /* MainWindow.xib in Resources */,
				8C04F3CD1235A98B004AC887 /* RootViewController.xib in Resources */,
			);
			runOnlyForDeploymentPostprocessing = 0;
		};
/* End PBXResourcesBuildPhase section */

/* Begin PBXSourcesBuildPhase section */
		8C04F3AE1235A98B004AC887 /* Sources */ = {
			isa = PBXSourcesBuildPhase;
			buildActionMask = 2147483647;
			files = (
				8C04F3C11235A98B004AC887 /* main.m in Sources */,
				8C04F3C41235A98B004AC887 /* nactest2AppDelegate.m in Sources */,
				8C04F3CA1235A98B004AC887 /* RootViewController.m in Sources */,
			);
			runOnlyForDeploymentPostprocessing = 0;
		};
/* End PBXSourcesBuildPhase section */

/* Begin PBXVariantGroup section */
		8C04F3BD1235A98B004AC887 /* InfoPlist.strings */ = {
			isa = PBXVariantGroup;
			children = (
				8C04F3BE1235A98B004AC887 /* en */,
			);
			name = InfoPlist.strings;
			sourceTree = "<group>";
		};
		8C04F3C51235A98B004AC887 /* MainWindow.xib */ = {
			isa = PBXVariantGroup;
			children = (
				8C04F3C61235A98B004AC887 /* en */,
			);
			name = MainWindow.xib;
			sourceTree = "<group>";
		};
		8C04F3CB1235A98B004AC887 /* RootViewController.xib */ = {
			isa = PBXVariantGroup;
			children = (
				8C04F3CC1235A98B004AC887 /* en */,
			);
			name = RootViewController.xib;
			sourceTree = "<group>";
		};
/* End PBXVariantGroup section */

/* Begin XCBuildConfiguration section */
		8C04F3CE1235A98B004AC887 /* Debug */ = {
			isa = XCBuildConfiguration;
			buildSettings = {
				ARCHS = "$(ARCHS_STANDARD_32_BIT)";
				"CODE_SIGN_IDENTITY[sdk=iphoneos*]" = "iPhone Developer";
				GCC_C_LANGUAGE_STANDARD = gnu99;
				GCC_OPTIMIZATION_LEVEL = 0;
				GCC_PREPROCESSOR_DEFINITIONS = DEBUG;
				GCC_WARN_ABOUT_RETURN_TYPE = YES;
				GCC_WARN_UNUSED_VARIABLE = YES;
				IPHONEOS_DEPLOYMENT_TARGET = 4.1;
				PREBINDING = NO;
				SDKROOT = iphoneos4.1;
			};
			name = Debug;
		};
		8C04F3CF1235A98B004AC887 /* Release */ = {
			isa = XCBuildConfiguration;
			buildSettings = {
				ARCHS = "$(ARCHS_STANDARD_32_BIT)";
				"CODE_SIGN_IDENTITY[sdk=iphoneos*]" = "iPhone Developer";
				GCC_C_LANGUAGE_STANDARD = gnu99;
				GCC_WARN_ABOUT_RETURN_TYPE = YES;
				GCC_WARN_UNUSED_VARIABLE = YES;
				IPHONEOS_DEPLOYMENT_TARGET = 4.1;
				OTHER_CFLAGS = "-DNS_BLOCK_ASSERTIONS=1";
				PREBINDING = NO;
				SDKROOT = iphoneos4.1;
			};
			name = Release;
		};
		8C04F3D11235A98B004AC887 /* Debug */ = {
			isa = XCBuildConfiguration;
			buildSettings = {
				ALWAYS_SEARCH_USER_PATHS = NO;
				COPY_PHASE_STRIP = NO;
				GCC_DYNAMIC_NO_PIC = NO;
				GCC_PRECOMPILE_PREFIX_HEADER = YES;
				GCC_PREFIX_HEADER = nactest2_Prefix.pch;
				INFOPLIST_FILE = "nactest2-Info.plist";
				PRODUCT_NAME = nactest2;
				WRAPPER_EXTENSION = app;
			};
			name = Debug;
		};
		8C04F3D21235A98B004AC887 /* Release */ = {
			isa = XCBuildConfiguration;
			buildSettings = {
				ALWAYS_SEARCH_USER_PATHS = NO;
				COPY_PHASE_STRIP = YES;
				GCC_PRECOMPILE_PREFIX_HEADER = YES;
				GCC_PREFIX_HEADER = nactest2_Prefix.pch;
				INFOPLIST_FILE = "nactest2-Info.plist";
				PRODUCT_NAME = nactest2;
				VALIDATE_PRODUCT = YES;
				WRAPPER_EXTENSION = app;
			};
			name = Release;
		};
/* End XCBuildConfiguration section */

/* Begin XCConfigurationList section */
		8C04F3A81235A98B004AC887 /* Build configuration list for PBXProject "nactest2" */ = {
			isa = XCConfigurationList;
			buildConfigurations = (
				8C04F3CE1235A98B004AC887 /* Debug */,
				8C04F3CF1235A98B004AC887 /* Release */,
			);
			defaultConfigurationIsVisible = 0;
			defaultConfigurationName = Release;
		};
		8C04F3D01235A98B004AC887 /* Build configuration list for PBXNativeTarget "nactest2" */ = {
			isa = XCConfigurationList;
			buildConfigurations = (
				8C04F3D11235A98B004AC887 /* Debug */,
				8C04F3D21235A98B004AC887 /* Release */,
			);
			defaultConfigurationIsVisible = 0;
			defaultConfigurationName = Release;
		};
/* End XCConfigurationList section */
	};
	rootObject = 8C04F3A51235A98B004AC887 /* Project object */;
}
